
Microsoft Visual Studio Solution File, Format Version 12.00
# Visual Studio 15
VisualStudioVersion = 15.0.27428.2027
MinimumVisualStudioVersion = 10.0.40219.1
Project("{FAE04EC0-301F-11D3-BF4B-00C04F79EFBC}") = "SendEmail", "SendEmail\SendEmail.csproj", "{E8A67468-A30B-4D47-8F59-F2788B0E31FA}"
EndProject
Global
	GlobalSection(SolutionConfigurationPlatforms) = preSolution
		Debug|Any CPU = Debug|Any CPU
		Release|Any CPU = Release|Any CPU
	EndGlobalSection
	GlobalSection(ProjectConfigurationPlatforms) = postSolution
		{E8A67468-A30B-4D47-8F59-F2788B0E31FA}.Debug|Any CPU.ActiveCfg = Debug|Any CPU
		{E8A67468-A30B-4D47-8F59-F2788B0E31FA}.Debug|Any CPU.Build.0 = Debug|Any CPU
		{E8A67468-A30B-4D47-8F59-F2788B0E31FA}.Release|Any CPU.ActiveCfg = Release|Any CPU
		{E8A67468-A30B-4D47-8F59-F2788B0E31FA}.Release|Any CPU.Build.0 = Release|Any CPU
	EndGlobalSection
	GlobalSection(SolutionProperties) = preSolution
		HideSolutionNode = FALSE
	EndGlobalSection
	GlobalSection(ExtensibilityGlobals) = postSolution
		SolutionGuid = {3A01266A-8E65-438D-9B37-80F476072A8A}
	EndGlobalSection
EndGlobal
