// !$*UTF8*$!
{
	archiveVersion = 1;
	classes = {
	};
	objectVersion = 48;
	objects = {

/* Begin PBXBuildFile section */
		D820ABA420DCC84800A9B105 /* AppDelegate.swift in Sources */ = {isa = PBXBuildFile; fileRef = D820ABA320DCC84800A9B105 /* AppDelegate.swift */; };
		D820ABA620DCC84800A9B105 /* ViewController.swift in Sources */ = {isa = PBXBuildFile; fileRef = D820ABA520DCC84800A9B105 /* ViewController.swift */; };
		D820ABA920DCC84800A9B105 /* Main.storyboard in Resources */ = {isa = PBXBuildFile; fileRef = D820ABA720DCC84800A9B105 /* Main.storyboard */; };
		D820ABAB20DCC84800A9B105 /* Assets.xcassets in Resources */ = {isa = PBXBuildFile; fileRef = D820ABAA20DCC84800A9B105 /* Assets.xcassets */; };
		D820ABAE20DCC84800A9B105 /* LaunchScreen.storyboard in Resources */ = {isa = PBXBuildFile; fileRef = D820ABAC20DCC84800A9B105 /* LaunchScreen.storyboard */; };
		D820ABB920DCC84800A9B105 /* Hangman_GameTests.swift in Sources */ = {isa = PBXBuildFile; fileRef = D820ABB820DCC84800A9B105 /* Hangman_GameTests.swift */; };
		D820ABC420DCC84800A9B105 /* Hangman_GameUITests.swift in Sources */ = {isa = PBXBuildFile; fileRef = D820ABC320DCC84800A9B105 /* Hangman_GameUITests.swift */; };
/* End PBXBuildFile section */

/* Begin PBXContainerItemProxy section */
		D820ABB520DCC84800A9B105 /* PBXContainerItemProxy */ = {
			isa = PBXContainerItemProxy;
			containerPortal = D820AB9820DCC84800A9B105 /* Project object */;
			proxyType = 1;
			remoteGlobalIDString = D820AB9F20DCC84800A9B105;
			remoteInfo = "Hangman-Game";
		};
		D820ABC020DCC84800A9B105 /* PBXContainerItemProxy */ = {
			isa = PBXContainerItemProxy;
			containerPortal = D820AB9820DCC84800A9B105 /* Project object */;
			proxyType = 1;
			remoteGlobalIDString = D820AB9F20DCC84800A9B105;
			remoteInfo = "Hangman-Game";
		};
/* End PBXContainerItemProxy section */

/* Begin PBXFileReference section */
		D820ABA020DCC84800A9B105 /* Hangman-Game.app */ = {isa = PBXFileReference; explicitFileType = wrapper.application; includeInIndex = 0; path = "Hangman-Game.app"; sourceTree = BUILT_PRODUCTS_DIR; };
		D820ABA320DCC84800A9B105 /* AppDelegate.swift */ = {isa = PBXFileReference; lastKnownFileType = sourcecode.swift; path = AppDelegate.swift; sourceTree = "<group>"; };
		D820ABA520DCC84800A9B105 /* ViewController.swift */ = {isa = PBXFileReference; lastKnownFileType = sourcecode.swift; path = ViewController.swift; sourceTree = "<group>"; };
		D820ABA820DCC84800A9B105 /* Base */ = {isa = PBXFileReference; lastKnownFileType = file.storyboard; name = Base; path = Base.lproj/Main.storyboard; sourceTree = "<group>"; };
		D820ABAA20DCC84800A9B105 /* Assets.xcassets */ = {isa = PBXFileReference; lastKnownFileType = folder.assetcatalog; path = Assets.xcassets; sourceTree = "<group>"; };
		D820ABAD20DCC84800A9B105 /* Base */ = {isa = PBXFileReference; lastKnownFileType = file.storyboard; name = Base; path = Base.lproj/LaunchScreen.storyboard; sourceTree = "<group>"; };
		D820ABAF20DCC84800A9B105 /* Info.plist */ = {isa = PBXFileReference; lastKnownFileType = text.plist.xml; path = Info.plist; sourceTree = "<group>"; };
		D820ABB420DCC84800A9B105 /* Hangman-GameTests.xctest */ = {isa = PBXFileReference; explicitFileType = wrapper.cfbundle; includeInIndex = 0; path = "Hangman-GameTests.xctest"; sourceTree = BUILT_PRODUCTS_DIR; };
		D820ABB820DCC84800A9B105 /* Hangman_GameTests.swift */ = {isa = PBXFileReference; lastKnownFileType = sourcecode.swift; path = Hangman_GameTests.swift; sourceTree = "<group>"; };
		D820ABBA20DCC84800A9B105 /* Info.plist */ = {isa = PBXFileReference; lastKnownFileType = text.plist.xml; path = Info.plist; sourceTree = "<group>"; };
		D820ABBF20DCC84800A9B105 /* Hangman-GameUITests.xctest */ = {isa = PBXFileReference; explicitFileType = wrapper.cfbundle; includeInIndex = 0; path = "Hangman-GameUITests.xctest"; sourceTree = BUILT_PRODUCTS_DIR; };
		D820ABC320DCC84800A9B105 /* Hangman_GameUITests.swift */ = {isa = PBXFileReference; lastKnownFileType = sourcecode.swift; path = Hangman_GameUITests.swift; sourceTree = "<group>"; };
		D820ABC520DCC84800A9B105 /* Info.plist */ = {isa = PBXFileReference; lastKnownFileType = text.plist.xml; path = Info.plist; sourceTree = "<group>"; };
/* End PBXFileReference section */

/* Begin PBXFrameworksBuildPhase section */
		D820AB9D20DCC84800A9B105 /* Frameworks */ = {
			isa = PBXFrameworksBuildPhase;
			buildActionMask = 2147483647;
			files = (
			);
			runOnlyForDeploymentPostprocessing = 0;
		};
		D820ABB120DCC84800A9B105 /* Frameworks */ = {
			isa = PBXFrameworksBuildPhase;
			buildActionMask = 2147483647;
			files = (
			);
			runOnlyForDeploymentPostprocessing = 0;
		};
		D820ABBC20DCC84800A9B105 /* Frameworks */ = {
			isa = PBXFrameworksBuildPhase;
			buildActionMask = 2147483647;
			files = (
			);
			runOnlyForDeploymentPostprocessing = 0;
		};
/* End PBXFrameworksBuildPhase section */

/* Begin PBXGroup section */
		D820AB9720DCC84800A9B105 = {
			isa = PBXGroup;
			children = (
				D820ABA220DCC84800A9B105 /* Hangman-Game */,
				D820ABB720DCC84800A9B105 /* Hangman-GameTests */,
				D820ABC220DCC84800A9B105 /* Hangman-GameUITests */,
				D820ABA120DCC84800A9B105 /* Products */,
			);
			sourceTree = "<group>";
		};
		D820ABA120DCC84800A9B105 /* Products */ = {
			isa = PBXGroup;
			children = (
				D820ABA020DCC84800A9B105 /* Hangman-Game.app */,
				D820ABB420DCC84800A9B105 /* Hangman-GameTests.xctest */,
				D820ABBF20DCC84800A9B105 /* Hangman-GameUITests.xctest */,
			);
			name = Products;
			sourceTree = "<group>";
		};
		D820ABA220DCC84800A9B105 /* Hangman-Game */ = {
			isa = PBXGroup;
			children = (
				D820ABA320DCC84800A9B105 /* AppDelegate.swift */,
				D820ABA520DCC84800A9B105 /* ViewController.swift */,
				D820ABA720DCC84800A9B105 /* Main.storyboard */,
				D820ABAA20DCC84800A9B105 /* Assets.xcassets */,
				D820ABAC20DCC84800A9B105 /* LaunchScreen.storyboard */,
				D820ABAF20DCC84800A9B105 /* Info.plist */,
			);
			path = "Hangman-Game";
			sourceTree = "<group>";
		};
		D820ABB720DCC84800A9B105 /* Hangman-GameTests */ = {
			isa = PBXGroup;
			children = (
				D820ABB820DCC84800A9B105 /* Hangman_GameTests.swift */,
				D820ABBA20DCC84800A9B105 /* Info.plist */,
			);
			path = "Hangman-GameTests";
			sourceTree = "<group>";
		};
		D820ABC220DCC84800A9B105 /* Hangman-GameUITests */ = {
			isa = PBXGroup;
			children = (
				D820ABC320DCC84800A9B105 /* Hangman_GameUITests.swift */,
				D820ABC520DCC84800A9B105 /* Info.plist */,
			);
			path = "Hangman-GameUITests";
			sourceTree = "<group>";
		};
/* End PBXGroup section */

/* Begin PBXNativeTarget section */
		D820AB9F20DCC84800A9B105 /* Hangman-Game */ = {
			isa = PBXNativeTarget;
			buildConfigurationList = D820ABC820DCC84800A9B105 /* Build configuration list for PBXNativeTarget "Hangman-Game" */;
			buildPhases = (
				D820AB9C20DCC84800A9B105 /* Sources */,
				D820AB9D20DCC84800A9B105 /* Frameworks */,
				D820AB9E20DCC84800A9B105 /* Resources */,
			);
			buildRules = (
			);
			dependencies = (
			);
			name = "Hangman-Game";
			productName = "Hangman-Game";
			productReference = D820ABA020DCC84800A9B105 /* Hangman-Game.app */;
			productType = "com.apple.product-type.application";
		};
		D820ABB320DCC84800A9B105 /* Hangman-GameTests */ = {
			isa = PBXNativeTarget;
			buildConfigurationList = D820ABCB20DCC84800A9B105 /* Build configuration list for PBXNativeTarget "Hangman-GameTests" */;
			buildPhases = (
				D820ABB020DCC84800A9B105 /* Sources */,
				D820ABB120DCC84800A9B105 /* Frameworks */,
				D820ABB220DCC84800A9B105 /* Resources */,
			);
			buildRules = (
			);
			dependencies = (
				D820ABB620DCC84800A9B105 /* PBXTargetDependency */,
			);
			name = "Hangman-GameTests";
			productName = "Hangman-GameTests";
			productReference = D820ABB420DCC84800A9B105 /* Hangman-GameTests.xctest */;
			productType = "com.apple.product-type.bundle.unit-test";
		};
		D820ABBE20DCC84800A9B105 /* Hangman-GameUITests */ = {
			isa = PBXNativeTarget;
			buildConfigurationList = D820ABCE20DCC84800A9B105 /* Build configuration list for PBXNativeTarget "Hangman-GameUITests" */;
			buildPhases = (
				D820ABBB20DCC84800A9B105 /* Sources */,
				D820ABBC20DCC84800A9B105 /* Frameworks */,
				D820ABBD20DCC84800A9B105 /* Resources */,
			);
			buildRules = (
			);
			dependencies = (
				D820ABC120DCC84800A9B105 /* PBXTargetDependency */,
			);
			name = "Hangman-GameUITests";
			productName = "Hangman-GameUITests";
			productReference = D820ABBF20DCC84800A9B105 /* Hangman-GameUITests.xctest */;
			productType = "com.apple.product-type.bundle.ui-testing";
		};
/* End PBXNativeTarget section */

/* Begin PBXProject section */
		D820AB9820DCC84800A9B105 /* Project object */ = {
			isa = PBXProject;
			attributes = {
				LastSwiftUpdateCheck = 0900;
				LastUpgradeCheck = 0900;
				ORGANIZATIONNAME = "Sohardh Chobera";
				TargetAttributes = {
					D820AB9F20DCC84800A9B105 = {
						CreatedOnToolsVersion = 9.0;
						ProvisioningStyle = Automatic;
					};
					D820ABB320DCC84800A9B105 = {
						CreatedOnToolsVersion = 9.0;
						ProvisioningStyle = Automatic;
						TestTargetID = D820AB9F20DCC84800A9B105;
					};
					D820ABBE20DCC84800A9B105 = {
						CreatedOnToolsVersion = 9.0;
						ProvisioningStyle = Automatic;
						TestTargetID = D820AB9F20DCC84800A9B105;
					};
				};
			};
			buildConfigurationList = D820AB9B20DCC84800A9B105 /* Build configuration list for PBXProject "Hangman-Game" */;
			compatibilityVersion = "Xcode 8.0";
			developmentRegion = en;
			hasScannedForEncodings = 0;
			knownRegions = (
				en,
				Base,
			);
			mainGroup = D820AB9720DCC84800A9B105;
			productRefGroup = D820ABA120DCC84800A9B105 /* Products */;
			projectDirPath = "";
			projectRoot = "";
			targets = (
				D820AB9F20DCC84800A9B105 /* Hangman-Game */,
				D820ABB320DCC84800A9B105 /* Hangman-GameTests */,
				D820ABBE20DCC84800A9B105 /* Hangman-GameUITests */,
			);
		};
/* End PBXProject section */

/* Begin PBXResourcesBuildPhase section */
		D820AB9E20DCC84800A9B105 /* Resources */ = {
			isa = PBXResourcesBuildPhase;
			buildActionMask = 2147483647;
			files = (
				D820ABAE20DCC84800A9B105 /* LaunchScreen.storyboard in Resources */,
				D820ABAB20DCC84800A9B105 /* Assets.xcassets in Resources */,
				D820ABA920DCC84800A9B105 /* Main.storyboard in Resources */,
			);
			runOnlyForDeploymentPostprocessing = 0;
		};
		D820ABB220DCC84800A9B105 /* Resources */ = {
			isa = PBXResourcesBuildPhase;
			buildActionMask = 2147483647;
			files = (
			);
			runOnlyForDeploymentPostprocessing = 0;
		};
		D820ABBD20DCC84800A9B105 /* Resources */ = {
			isa = PBXResourcesBuildPhase;
			buildActionMask = 2147483647;
			files = (
			);
			runOnlyForDeploymentPostprocessing = 0;
		};
/* End PBXResourcesBuildPhase section */

/* Begin PBXSourcesBuildPhase section */
		D820AB9C20DCC84800A9B105 /* Sources */ = {
			isa = PBXSourcesBuildPhase;
			buildActionMask = 2147483647;
			files = (
				D820ABA620DCC84800A9B105 /* ViewController.swift in Sources */,
				D820ABA420DCC84800A9B105 /* AppDelegate.swift in Sources */,
			);
			runOnlyForDeploymentPostprocessing = 0;
		};
		D820ABB020DCC84800A9B105 /* Sources */ = {
			isa = PBXSourcesBuildPhase;
			buildActionMask = 2147483647;
			files = (
				D820ABB920DCC84800A9B105 /* Hangman_GameTests.swift in Sources */,
			);
			runOnlyForDeploymentPostprocessing = 0;
		};
		D820ABBB20DCC84800A9B105 /* Sources */ = {
			isa = PBXSourcesBuildPhase;
			buildActionMask = 2147483647;
			files = (
				D820ABC420DCC84800A9B105 /* Hangman_GameUITests.swift in Sources */,
			);
			runOnlyForDeploymentPostprocessing = 0;
		};
/* End PBXSourcesBuildPhase section */

/* Begin PBXTargetDependency section */
		D820ABB620DCC84800A9B105 /* PBXTargetDependency */ = {
			isa = PBXTargetDependency;
			target = D820AB9F20DCC84800A9B105 /* Hangman-Game */;
			targetProxy = D820ABB520DCC84800A9B105 /* PBXContainerItemProxy */;
		};
		D820ABC120DCC84800A9B105 /* PBXTargetDependency */ = {
			isa = PBXTargetDependency;
			target = D820AB9F20DCC84800A9B105 /* Hangman-Game */;
			targetProxy = D820ABC020DCC84800A9B105 /* PBXContainerItemProxy */;
		};
/* End PBXTargetDependency section */

/* Begin PBXVariantGroup section */
		D820ABA720DCC84800A9B105 /* Main.storyboard */ = {
			isa = PBXVariantGroup;
			children = (
				D820ABA820DCC84800A9B105 /* Base */,
			);
			name = Main.storyboard;
			sourceTree = "<group>";
		};
		D820ABAC20DCC84800A9B105 /* LaunchScreen.storyboard */ = {
			isa = PBXVariantGroup;
			children = (
				D820ABAD20DCC84800A9B105 /* Base */,
			);
			name = LaunchScreen.storyboard;
			sourceTree = "<group>";
		};
/* End PBXVariantGroup section */

/* Begin XCBuildConfiguration section */
		D820ABC620DCC84800A9B105 /* Debug */ = {
			isa = XCBuildConfiguration;
			buildSettings = {
				ALWAYS_SEARCH_USER_PATHS = NO;
				CLANG_ANALYZER_NONNULL = YES;
				CLANG_ANALYZER_NUMBER_OBJECT_CONVERSION = YES_AGGRESSIVE;
				CLANG_CXX_LANGUAGE_STANDARD = "gnu++14";
				CLANG_CXX_LIBRARY = "libc++";
				CLANG_ENABLE_MODULES = YES;
				CLANG_ENABLE_OBJC_ARC = YES;
				CLANG_WARN_BLOCK_CAPTURE_AUTORELEASING = YES;
				CLANG_WARN_BOOL_CONVERSION = YES;
				CLANG_WARN_COMMA = YES;
				CLANG_WARN_CONSTANT_CONVERSION = YES;
				CLANG_WARN_DIRECT_OBJC_ISA_USAGE = YES_ERROR;
				CLANG_WARN_DOCUMENTATION_COMMENTS = YES;
				CLANG_WARN_EMPTY_BODY = YES;
				CLANG_WARN_ENUM_CONVERSION = YES;
				CLANG_WARN_INFINITE_RECURSION = YES;
				CLANG_WARN_INT_CONVERSION = YES;
				CLANG_WARN_NON_LITERAL_NULL_CONVERSION = YES;
				CLANG_WARN_OBJC_LITERAL_CONVERSION = YES;
				CLANG_WARN_OBJC_ROOT_CLASS = YES_ERROR;
				CLANG_WARN_RANGE_LOOP_ANALYSIS = YES;
				CLANG_WARN_STRICT_PROTOTYPES = YES;
				CLANG_WARN_SUSPICIOUS_MOVE = YES;
				CLANG_WARN_UNGUARDED_AVAILABILITY = YES_AGGRESSIVE;
				CLANG_WARN_UNREACHABLE_CODE = YES;
				CLANG_WARN__DUPLICATE_METHOD_MATCH = YES;
				CODE_SIGN_IDENTITY = "iPhone Developer";
				COPY_PHASE_STRIP = NO;
				DEBUG_INFORMATION_FORMAT = dwarf;
				ENABLE_STRICT_OBJC_MSGSEND = YES;
				ENABLE_TESTABILITY = YES;
				GCC_C_LANGUAGE_STANDARD = gnu11;
				GCC_DYNAMIC_NO_PIC = NO;
				GCC_NO_COMMON_BLOCKS = YES;
				GCC_OPTIMIZATION_LEVEL = 0;
				GCC_PREPROCESSOR_DEFINITIONS = (
					"DEBUG=1",
					"$(inherited)",
				);
				GCC_WARN_64_TO_32_BIT_CONVERSION = YES;
				GCC_WARN_ABOUT_RETURN_TYPE = YES_ERROR;
				GCC_WARN_UNDECLARED_SELECTOR = YES;
				GCC_WARN_UNINITIALIZED_AUTOS = YES_AGGRESSIVE;
				GCC_WARN_UNUSED_FUNCTION = YES;
				GCC_WARN_UNUSED_VARIABLE = YES;
				IPHONEOS_DEPLOYMENT_TARGET = 11.0;
				MTL_ENABLE_DEBUG_INFO = YES;
				ONLY_ACTIVE_ARCH = YES;
				SDKROOT = iphoneos;
				SWIFT_ACTIVE_COMPILATION_CONDITIONS = DEBUG;
				SWIFT_OPTIMIZATION_LEVEL = "-Onone";
			};
			name = Debug;
		};
		D820ABC720DCC84800A9B105 /* Release */ = {
			isa = XCBuildConfiguration;
			buildSettings = {
				ALWAYS_SEARCH_USER_PATHS = NO;
				CLANG_ANALYZER_NONNULL = YES;
				CLANG_ANALYZER_NUMBER_OBJECT_CONVERSION = YES_AGGRESSIVE;
				CLANG_CXX_LANGUAGE_STANDARD = "gnu++14";
				CLANG_CXX_LIBRARY = "libc++";
				CLANG_ENABLE_MODULES = YES;
				CLANG_ENABLE_OBJC_ARC = YES;
				CLANG_WARN_BLOCK_CAPTURE_AUTORELEASING = YES;
				CLANG_WARN_BOOL_CONVERSION = YES;
				CLANG_WARN_COMMA = YES;
				CLANG_WARN_CONSTANT_CONVERSION = YES;
				CLANG_WARN_DIRECT_OBJC_ISA_USAGE = YES_ERROR;
				CLANG_WARN_DOCUMENTATION_COMMENTS = YES;
				CLANG_WARN_EMPTY_BODY = YES;
				CLANG_WARN_ENUM_CONVERSION = YES;
				CLANG_WARN_INFINITE_RECURSION = YES;
				CLANG_WARN_INT_CONVERSION = YES;
				CLANG_WARN_NON_LITERAL_NULL_CONVERSION = YES;
				CLANG_WARN_OBJC_LITERAL_CONVERSION = YES;
				CLANG_WARN_OBJC_ROOT_CLASS = YES_ERROR;
				CLANG_WARN_RANGE_LOOP_ANALYSIS = YES;
				CLANG_WARN_STRICT_PROTOTYPES = YES;
				CLANG_WARN_SUSPICIOUS_MOVE = YES;
				CLANG_WARN_UNGUARDED_AVAILABILITY = YES_AGGRESSIVE;
				CLANG_WARN_UNREACHABLE_CODE = YES;
				CLANG_WARN__DUPLICATE_METHOD_MATCH = YES;
				CODE_SIGN_IDENTITY = "iPhone Developer";
				COPY_PHASE_STRIP = NO;
				DEBUG_INFORMATION_FORMAT = "dwarf-with-dsym";
				ENABLE_NS_ASSERTIONS = NO;
				ENABLE_STRICT_OBJC_MSGSEND = YES;
				GCC_C_LANGUAGE_STANDARD = gnu11;
				GCC_NO_COMMON_BLOCKS = YES;
				GCC_WARN_64_TO_32_BIT_CONVERSION = YES;
				GCC_WARN_ABOUT_RETURN_TYPE = YES_ERROR;
				GCC_WARN_UNDECLARED_SELECTOR = YES;
				GCC_WARN_UNINITIALIZED_AUTOS = YES_AGGRESSIVE;
				GCC_WARN_UNUSED_FUNCTION = YES;
				GCC_WARN_UNUSED_VARIABLE = YES;
				IPHONEOS_DEPLOYMENT_TARGET = 11.0;
				MTL_ENABLE_DEBUG_INFO = NO;
				SDKROOT = iphoneos;
				SWIFT_OPTIMIZATION_LEVEL = "-Owholemodule";
				VALIDATE_PRODUCT = YES;
			};
			name = Release;
		};
		D820ABC920DCC84800A9B105 /* Debug */ = {
			isa = XCBuildConfiguration;
			buildSettings = {
				ASSETCATALOG_COMPILER_APPICON_NAME = AppIcon;
				CODE_SIGN_STYLE = Automatic;
				DEVELOPMENT_TEAM = 676USJR49S;
				INFOPLIST_FILE = "Hangman-Game/Info.plist";
				LD_RUNPATH_SEARCH_PATHS = "$(inherited) @executable_path/Frameworks";
				PRODUCT_BUNDLE_IDENTIFIER = "Sohardh.Hangman-Game";
				PRODUCT_NAME = "$(TARGET_NAME)";
				SWIFT_VERSION = 4.0;
				TARGETED_DEVICE_FAMILY = "1,2";
			};
			name = Debug;
		};
		D820ABCA20DCC84800A9B105 /* Release */ = {
			isa = XCBuildConfiguration;
			buildSettings = {
				ASSETCATALOG_COMPILER_APPICON_NAME = AppIcon;
				CODE_SIGN_STYLE = Automatic;
				DEVELOPMENT_TEAM = 676USJR49S;
				INFOPLIST_FILE = "Hangman-Game/Info.plist";
				LD_RUNPATH_SEARCH_PATHS = "$(inherited) @executable_path/Frameworks";
				PRODUCT_BUNDLE_IDENTIFIER = "Sohardh.Hangman-Game";
				PRODUCT_NAME = "$(TARGET_NAME)";
				SWIFT_VERSION = 4.0;
				TARGETED_DEVICE_FAMILY = "1,2";
			};
			name = Release;
		};
		D820ABCC20DCC84800A9B105 /* Debug */ = {
			isa = XCBuildConfiguration;
			buildSettings = {
				ALWAYS_EMBED_SWIFT_STANDARD_LIBRARIES = YES;
				BUNDLE_LOADER = "$(TEST_HOST)";
				CODE_SIGN_STYLE = Automatic;
				DEVELOPMENT_TEAM = 676USJR49S;
				INFOPLIST_FILE = "Hangman-GameTests/Info.plist";
				LD_RUNPATH_SEARCH_PATHS = "$(inherited) @executable_path/Frameworks @loader_path/Frameworks";
				PRODUCT_BUNDLE_IDENTIFIER = "Sohardh.Hangman-GameTests";
				PRODUCT_NAME = "$(TARGET_NAME)";
				SWIFT_VERSION = 4.0;
				TARGETED_DEVICE_FAMILY = "1,2";
				TEST_HOST = "$(BUILT_PRODUCTS_DIR)/Hangman-Game.app/Hangman-Game";
			};
			name = Debug;
		};
		D820ABCD20DCC84800A9B105 /* Release */ = {
			isa = XCBuildConfiguration;
			buildSettings = {
				ALWAYS_EMBED_SWIFT_STANDARD_LIBRARIES = YES;
				BUNDLE_LOADER = "$(TEST_HOST)";
				CODE_SIGN_STYLE = Automatic;
				DEVELOPMENT_TEAM = 676USJR49S;
				INFOPLIST_FILE = "Hangman-GameTests/Info.plist";
				LD_RUNPATH_SEARCH_PATHS = "$(inherited) @executable_path/Frameworks @loader_path/Frameworks";
				PRODUCT_BUNDLE_IDENTIFIER = "Sohardh.Hangman-GameTests";
				PRODUCT_NAME = "$(TARGET_NAME)";
				SWIFT_VERSION = 4.0;
				TARGETED_DEVICE_FAMILY = "1,2";
				TEST_HOST = "$(BUILT_PRODUCTS_DIR)/Hangman-Game.app/Hangman-Game";
			};
			name = Release;
		};
		D820ABCF20DCC84800A9B105 /* Debug */ = {
			isa = XCBuildConfiguration;
			buildSettings = {
				ALWAYS_EMBED_SWIFT_STANDARD_LIBRARIES = YES;
				CODE_SIGN_STYLE = Automatic;
				DEVELOPMENT_TEAM = 676USJR49S;
				INFOPLIST_FILE = "Hangman-GameUITests/Info.plist";
				LD_RUNPATH_SEARCH_PATHS = "$(inherited) @executable_path/Frameworks @loader_path/Frameworks";
				PRODUCT_BUNDLE_IDENTIFIER = "Sohardh.Hangman-GameUITests";
				PRODUCT_NAME = "$(TARGET_NAME)";
				SWIFT_VERSION = 4.0;
				TARGETED_DEVICE_FAMILY = "1,2";
				TEST_TARGET_NAME = "Hangman-Game";
			};
			name = Debug;
		};
		D820ABD020DCC84800A9B105 /* Release */ = {
			isa = XCBuildConfiguration;
			buildSettings = {
				ALWAYS_EMBED_SWIFT_STANDARD_LIBRARIES = YES;
				CODE_SIGN_STYLE = Automatic;
				DEVELOPMENT_TEAM = 676USJR49S;
				INFOPLIST_FILE = "Hangman-GameUITests/Info.plist";
				LD_RUNPATH_SEARCH_PATHS = "$(inherited) @executable_path/Frameworks @loader_path/Frameworks";
				PRODUCT_BUNDLE_IDENTIFIER = "Sohardh.Hangman-GameUITests";
				PRODUCT_NAME = "$(TARGET_NAME)";
				SWIFT_VERSION = 4.0;
				TARGETED_DEVICE_FAMILY = "1,2";
				TEST_TARGET_NAME = "Hangman-Game";
			};
			name = Release;
		};
/* End XCBuildConfiguration section */

/* Begin XCConfigurationList section */
		D820AB9B20DCC84800A9B105 /* Build configuration list for PBXProject "Hangman-Game" */ = {
			isa = XCConfigurationList;
			buildConfigurations = (
				D820ABC620DCC84800A9B105 /* Debug */,
				D820ABC720DCC84800A9B105 /* Release */,
			);
			defaultConfigurationIsVisible = 0;
			defaultConfigurationName = Release;
		};
		D820ABC820DCC84800A9B105 /* Build configuration list for PBXNativeTarget "Hangman-Game" */ = {
			isa = XCConfigurationList;
			buildConfigurations = (
				D820ABC920DCC84800A9B105 /* Debug */,
				D820ABCA20DCC84800A9B105 /* Release */,
			);
			defaultConfigurationIsVisible = 0;
			defaultConfigurationName = Release;
		};
		D820ABCB20DCC84800A9B105 /* Build configuration list for PBXNativeTarget "Hangman-GameTests" */ = {
			isa = XCConfigurationList;
			buildConfigurations = (
				D820ABCC20DCC84800A9B105 /* Debug */,
				D820ABCD20DCC84800A9B105 /* Release */,
			);
			defaultConfigurationIsVisible = 0;
			defaultConfigurationName = Release;
		};
		D820ABCE20DCC84800A9B105 /* Build configuration list for PBXNativeTarget "Hangman-GameUITests" */ = {
			isa = XCConfigurationList;
			buildConfigurations = (
				D820ABCF20DCC84800A9B105 /* Debug */,
				D820ABD020DCC84800A9B105 /* Release */,
			);
			defaultConfigurationIsVisible = 0;
			defaultConfigurationName = Release;
		};
/* End XCConfigurationList section */
	};
	rootObject = D820AB9820DCC84800A9B105 /* Project object */;
}
