hash: 9b17fc06409989b8a79cb2919ed43f867f7904306e329a1b9687b3dbf02a8974
updated: 2017-10-05T21:09:36.24276294Z
imports:
- name: github.com/mattn/go-runewidth
  version: 9e777a8366cce605130a531d2cd6363d07ad7317
- name: github.com/mattn/go-sqlite3
  version: ca5e3819723d8eeaf170ad510e7da1d6d2e94a08
- name: github.com/nsf/termbox-go
  version: d51f2f6d6ccb97dd83ed04ae2f79c34234851f39
- name: golang.org/x/net
  version: 57efc9c3d9f91fb3277f8da1cff370539c4d3dc5
  subpackages:
  - context
testImports:
- name: github.com/magiconair/properties
  version: 8d7837e64d3c1ee4e54a880c5a920ab4316fc90a
  subpackages:
  - assert
