
Microsoft Visual Studio Solution File, Format Version 12.00
Project("{F2A71F9B-5D33-465A-A702-920D77279786}") = "fsharp-hello-world", "fsharp-hello-world\fsharp-hello-world.fsproj", "{6ED2BD69-B429-465B-8741-E4ABCAED861C}"
EndProject
Global
	GlobalSection(SolutionConfigurationPlatforms) = preSolution
		Debug|Any CPU = Debug|Any CPU
		Release|Any CPU = Release|Any CPU
	EndGlobalSection
	GlobalSection(ProjectConfigurationPlatforms) = postSolution
		{6ED2BD69-B429-465B-8741-E4ABCAED861C}.Debug|Any CPU.ActiveCfg = Debug|Any CPU
		{6ED2BD69-B429-465B-8741-E4ABCAED861C}.Debug|Any CPU.Build.0 = Debug|Any CPU
		{6ED2BD69-B429-465B-8741-E4ABCAED861C}.Release|Any CPU.ActiveCfg = Release|Any CPU
		{6ED2BD69-B429-465B-8741-E4ABCAED861C}.Release|Any CPU.Build.0 = Release|Any CPU
	EndGlobalSection
EndGlobal
