{
  "requires": true,
  "lockfileVersion": 1,
  "dependencies": {
    "confetti-js": {
      "version": "0.0.14",
      "resolved": "https://registry.npmjs.org/confetti-js/-/confetti-js-0.0.14.tgz",
      "integrity": "sha512-akIrsrXYQ2i7DkrzM92ftFLe012vZLByVau75N8kGhbjQIWyUicU311ttfvwOoMGdoN4wtWdLi6cU6WJkuWXIw=="
    }
  }
}
